<?xml version="1.0" encoding="utf-8"?>
<Project ToolsVersion="4.0" xmlns="http://schemas.microsoft.com/developer/msbuild/2003">
  <ItemGroup>
    <Filter Include="Corylium">
      <UniqueIdentifier>{590C25C4-45D9-7FCF-6EF2-6D775A1EB55D}</UniqueIdentifier>
    </Filter>
  </ItemGroup>
  <ItemGroup>
    <ClInclude Include="src\Corylium.h" />
    <ClInclude Include="src\Corylium\Application.h">
      <Filter>Corylium</Filter>
    </ClInclude>
    <ClInclude Include="src\Corylium\Core.h">
      <Filter>Corylium</Filter>
    </ClInclude>
    <ClInclude Include="src\Corylium\EntryPoint.h">
      <Filter>Corylium</Filter>
    </ClInclude>
    <ClInclude Include="src\Corylium\Log.h">
      <Filter>Corylium</Filter>
    </ClInclude>
    <ClInclude Include="src\Corylium\Log_impl.h">
      <Filter>Corylium</Filter>
    </ClInclude>
  </ItemGroup>
  <ItemGroup>
    <ClCompile Include="src\Corylium\Application.cpp">
      <Filter>Corylium</Filter>
    </ClCompile>
    <ClCompile Include="src\Corylium\EntryPoint.cpp">
      <Filter>Corylium</Filter>
    </ClCompile>
    <ClCompile Include="src\Corylium\Log.cpp">
      <Filter>Corylium</Filter>
    </ClCompile>
  </ItemGroup>
</Project>